
Microsoft Visual Studio Solution File, Format Version 12.00
# Visual Studio 2012
Project("{FAE04EC0-301F-11D3-BF4B-00C04F79EFBC}") = "CommonTests", "..\CommonTests\CommonTests\CommonTests.csproj", "{57F76AC3-06FD-4ED2-8C43-91F9A13F9D47}"
EndProject
Project("{FAE04EC0-301F-11D3-BF4B-00C04F79EFBC}") = "JuliaHayward.Common", "JuliaHayward.Common.csproj", "{ACFC75B8-81A2-44B2-B07B-CA773585D638}"
EndProject
Global
	GlobalSection(SolutionConfigurationPlatforms) = preSolution
		Debug|Any CPU = Debug|Any CPU
		Release|Any CPU = Release|Any CPU
	EndGlobalSection
	GlobalSection(ProjectConfigurationPlatforms) = postSolution
		{57F76AC3-06FD-4ED2-8C43-91F9A13F9D47}.Debug|Any CPU.ActiveCfg = Debug|Any CPU
		{57F76AC3-06FD-4ED2-8C43-91F9A13F9D47}.Debug|Any CPU.Build.0 = Debug|Any CPU
		{57F76AC3-06FD-4ED2-8C43-91F9A13F9D47}.Release|Any CPU.ActiveCfg = Release|Any CPU
		{57F76AC3-06FD-4ED2-8C43-91F9A13F9D47}.Release|Any CPU.Build.0 = Release|Any CPU
		{ACFC75B8-81A2-44B2-B07B-CA773585D638}.Debug|Any CPU.ActiveCfg = Debug|Any CPU
		{ACFC75B8-81A2-44B2-B07B-CA773585D638}.Debug|Any CPU.Build.0 = Debug|Any CPU
		{ACFC75B8-81A2-44B2-B07B-CA773585D638}.Release|Any CPU.ActiveCfg = Release|Any CPU
		{ACFC75B8-81A2-44B2-B07B-CA773585D638}.Release|Any CPU.Build.0 = Release|Any CPU
	EndGlobalSection
	GlobalSection(SolutionProperties) = preSolution
		HideSolutionNode = FALSE
	EndGlobalSection
EndGlobal
